Microsoft Visual Studio Solution File, Format Version 12.00
# Visual Studio Version 17
VisualStudioVersion = 17.5.2.0
MinimumVisualStudioVersion = 10.0.40219.1
Project("{FAE04EC0-301F-11D3-BF4B-00C04F79EFBC}") = "censudex-auth-service", "censudex-auth-service.csproj", "{07F1C62B-81CA-2541-23BD-69D633C486B7}"
EndProject
Global
	GlobalSection(SolutionConfigurationPlatforms) = preSolution
		Debug|Any CPU = Debug|Any CPU
		Release|Any CPU = Release|Any CPU
	EndGlobalSection
	GlobalSection(ProjectConfigurationPlatforms) = postSolution
		{07F1C62B-81CA-2541-23BD-69D633C486B7}.Debug|Any CPU.ActiveCfg = Debug|Any CPU
		{07F1C62B-81CA-2541-23BD-69D633C486B7}.Debug|Any CPU.Build.0 = Debug|Any CPU
		{07F1C62B-81CA-2541-23BD-69D633C486B7}.Release|Any CPU.ActiveCfg = Release|Any CPU
		{07F1C62B-81CA-2541-23BD-69D633C486B7}.Release|Any CPU.Build.0 = Release|Any CPU
	EndGlobalSection
	GlobalSection(SolutionProperties) = preSolution
		HideSolutionNode = FALSE
	EndGlobalSection
	GlobalSection(ExtensibilityGlobals) = postSolution
		SolutionGuid = {A5C705F1-829D-497D-8D3A-413E0730950A}
	EndGlobalSection
EndGlobal
